Microsoft Visual Studio Solution File, Format Version 11.00
# Visual Studio 2008

Project("{3421A5CB-7C91-0B6D-5408-44C8637A89DE}") = "Av1", "Assembly-CSharp.csproj", "{4A9112EE-2298-C7AD-A33B-93E04E39F1BA}"
EndProject
Project("{3421A5CB-7C91-0B6D-5408-44C8637A89DE}") = "Av1", "Assembly-CSharp-Editor.csproj", "{632CFA7A-6017-F6F9-70B9-47CD7948596C}"
EndProject
Global
	GlobalSection(SolutionConfigurationPlatforms) = preSolution
		Debug|Any CPU = Debug|Any CPU
		Release|Any CPU = Release|Any CPU
	EndGlobalSection
	GlobalSection(ProjectConfigurationPlatforms) = postSolution
		{4A9112EE-2298-C7AD-A33B-93E04E39F1BA}.Debug|Any CPU.ActiveCfg = Debug|Any CPU
		{4A9112EE-2298-C7AD-A33B-93E04E39F1BA}.Debug|Any CPU.Build.0 = Debug|Any CPU
		{4A9112EE-2298-C7AD-A33B-93E04E39F1BA}.Release|Any CPU.ActiveCfg = Release|Any CPU
		{4A9112EE-2298-C7AD-A33B-93E04E39F1BA}.Release|Any CPU.Build.0 = Release|Any CPU
		{632CFA7A-6017-F6F9-70B9-47CD7948596C}.Debug|Any CPU.ActiveCfg = Debug|Any CPU
		{632CFA7A-6017-F6F9-70B9-47CD7948596C}.Debug|Any CPU.Build.0 = Debug|Any CPU
		{632CFA7A-6017-F6F9-70B9-47CD7948596C}.Release|Any CPU.ActiveCfg = Release|Any CPU
		{632CFA7A-6017-F6F9-70B9-47CD7948596C}.Release|Any CPU.Build.0 = Release|Any CPU
	EndGlobalSection
	GlobalSection(SolutionProperties) = preSolution
		HideSolutionNode = FALSE
	EndGlobalSection
	GlobalSection(MonoDevelopProperties) = preSolution
		StartupItem = Assembly-CSharp.csproj
	EndGlobalSection
EndGlobal
